// !$*UTF8*$!
{
	archiveVersion = 1;
	classes = {
	};
	objectVersion = 56;
	objects = {

/* Begin PBXBuildFile section */
		1A20CD1B2C36686700C268FE /* ButtonView.swift in Sources */ = {isa = PBXBuildFile; fileRef = 1A20CD1A2C36686700C268FE /* ButtonView.swift */; };
		1A88FCE42C37EADD00383E9B /* VisionModelViewer.swift in Sources */ = {isa = PBXBuildFile; fileRef = 1A88FCE32C37EADD00383E9B /* VisionModelViewer.swift */; };
		1AC85B252C380ECE00B72FA2 /* Assets.xcassets in Resources */ = {isa = PBXBuildFile; fileRef = 1AC85B242C380ECE00B72FA2 /* Assets.xcassets */; };
		1AC85B282C380F3500B72FA2 /* Preview Content in Resources */ = {isa = PBXBuildFile; fileRef = 1AC85B272C380F3500B72FA2 /* Preview Content */; };
		1AF6337A2C33FCF9009ED3D6 /* RealityKitContent in Frameworks */ = {isa = PBXBuildFile; productRef = 1AF633792C33FCF9009ED3D6 /* RealityKitContent */; };
		1AF6337E2C33FCF9009ED3D6 /* ContentView.swift in Sources */ = {isa = PBXBuildFile; fileRef = 1AF6337D2C33FCF9009ED3D6 /* ContentView.swift */; };
		1AF6338B2C342572009ED3D6 /* ImmersiveView.swift in Sources */ = {isa = PBXBuildFile; fileRef = 1AF6338A2C342572009ED3D6 /* ImmersiveView.swift */; };
/* End PBXBuildFile section */

/* Begin PBXFileReference section */
		1A20CD1A2C36686700C268FE /* ButtonView.swift */ = {isa = PBXFileReference; lastKnownFileType = sourcecode.swift; path = ButtonView.swift; sourceTree = "<group>"; };
		1A88FCE32C37EADD00383E9B /* VisionModelViewer.swift */ = {isa = PBXFileReference; lastKnownFileType = sourcecode.swift; path = VisionModelViewer.swift; sourceTree = "<group>"; };
		1AC85B242C380ECE00B72FA2 /* Assets.xcassets */ = {isa = PBXFileReference; lastKnownFileType = folder.assetcatalog; name = Assets.xcassets; path = VisionModelViewer/Assets.xcassets; sourceTree = "<group>"; };
		1AC85B272C380F3500B72FA2 /* Preview Content */ = {isa = PBXFileReference; lastKnownFileType = folder; path = "Preview Content"; sourceTree = "<group>"; };
		1AF633742C33FCF9009ED3D6 /* VisionModelViewer.app */ = {isa = PBXFileReference; explicitFileType = wrapper.application; includeInIndex = 0; path = VisionModelViewer.app; sourceTree = BUILT_PRODUCTS_DIR; };
		1AF633782C33FCF9009ED3D6 /* RealityKitContent */ = {isa = PBXFileReference; lastKnownFileType = wrapper; path = RealityKitContent; sourceTree = "<group>"; };
		1AF6337D2C33FCF9009ED3D6 /* ContentView.swift */ = {isa = PBXFileReference; lastKnownFileType = sourcecode.swift; path = ContentView.swift; sourceTree = "<group>"; };
		1AF633842C33FCFB009ED3D6 /* Info.plist */ = {isa = PBXFileReference; lastKnownFileType = text.plist.xml; path = Info.plist; sourceTree = "<group>"; };
		1AF6338A2C342572009ED3D6 /* ImmersiveView.swift */ = {isa = PBXFileReference; lastKnownFileType = sourcecode.swift; path = ImmersiveView.swift; sourceTree = "<group>"; };
/* End PBXFileReference section */

/* Begin PBXFrameworksBuildPhase section */
		1AF633712C33FCF9009ED3D6 /* Frameworks */ = {
			isa = PBXFrameworksBuildPhase;
			buildActionMask = 2147483647;
			files = (
				1AF6337A2C33FCF9009ED3D6 /* RealityKitContent in Frameworks */,
			);
			runOnlyForDeploymentPostprocessing = 0;
		};
/* End PBXFrameworksBuildPhase section */

/* Begin PBXGroup section */
		1AF6336B2C33FCF9009ED3D6 = {
			isa = PBXGroup;
			children = (
				1AC85B242C380ECE00B72FA2 /* Assets.xcassets */,
				1AF633762C33FCF9009ED3D6 /* VisionModelViewer */,
				1AF633772C33FCF9009ED3D6 /* Packages */,
				1AF633752C33FCF9009ED3D6 /* Products */,
			);
			sourceTree = "<group>";
		};
		1AF633752C33FCF9009ED3D6 /* Products */ = {
			isa = PBXGroup;
			children = (
				1AF633742C33FCF9009ED3D6 /* VisionModelViewer.app */,
			);
			name = Products;
			sourceTree = "<group>";
		};
		1AF633762C33FCF9009ED3D6 /* VisionModelViewer */ = {
			isa = PBXGroup;
			children = (
				1AC85B272C380F3500B72FA2 /* Preview Content */,
				1A88FCE32C37EADD00383E9B /* VisionModelViewer.swift */,
				1AF6338A2C342572009ED3D6 /* ImmersiveView.swift */,
				1AF6337D2C33FCF9009ED3D6 /* ContentView.swift */,
				1A20CD1A2C36686700C268FE /* ButtonView.swift */,
				1AF633842C33FCFB009ED3D6 /* Info.plist */,
			);
			path = VisionModelViewer;
			sourceTree = "<group>";
		};
		1AF633772C33FCF9009ED3D6 /* Packages */ = {
			isa = PBXGroup;
			children = (
				1AF633782C33FCF9009ED3D6 /* RealityKitContent */,
			);
			path = Packages;
			sourceTree = "<group>";
		};
/* End PBXGroup section */

/* Begin PBXNativeTarget section */
		1AF633732C33FCF9009ED3D6 /* VisionModelViewer */ = {
			isa = PBXNativeTarget;
			buildConfigurationList = 1AF633872C33FCFB009ED3D6 /* Build configuration list for PBXNativeTarget "VisionModelViewer" */;
			buildPhases = (
				1AF633702C33FCF9009ED3D6 /* Sources */,
				1AF633712C33FCF9009ED3D6 /* Frameworks */,
				1AF633722C33FCF9009ED3D6 /* Resources */,
			);
			buildRules = (
			);
			dependencies = (
			);
			name = VisionModelViewer;
			packageProductDependencies = (
				1AF633792C33FCF9009ED3D6 /* RealityKitContent */,
			);
			productName = VisionOsTest;
			productReference = 1AF633742C33FCF9009ED3D6 /* VisionModelViewer.app */;
			productType = "com.apple.product-type.application";
		};
/* End PBXNativeTarget section */

/* Begin PBXProject section */
		1AF6336C2C33FCF9009ED3D6 /* Project object */ = {
			isa = PBXProject;
			attributes = {
				BuildIndependentTargetsInParallel = 1;
				LastSwiftUpdateCheck = 1540;
				LastUpgradeCheck = 1540;
				TargetAttributes = {
					1AF633732C33FCF9009ED3D6 = {
						CreatedOnToolsVersion = 15.4;
					};
				};
			};
			buildConfigurationList = 1AF6336F2C33FCF9009ED3D6 /* Build configuration list for PBXProject "VisionModelViewer" */;
			compatibilityVersion = "Xcode 14.0";
			developmentRegion = en;
			hasScannedForEncodings = 0;
			knownRegions = (
				en,
				Base,
			);
			mainGroup = 1AF6336B2C33FCF9009ED3D6;
			productRefGroup = 1AF633752C33FCF9009ED3D6 /* Products */;
			projectDirPath = "";
			projectRoot = "";
			targets = (
				1AF633732C33FCF9009ED3D6 /* VisionModelViewer */,
			);
		};
/* End PBXProject section */

/* Begin PBXResourcesBuildPhase section */
		1AF633722C33FCF9009ED3D6 /* Resources */ = {
			isa = PBXResourcesBuildPhase;
			buildActionMask = 2147483647;
			files = (
				1AC85B282C380F3500B72FA2 /* Preview Content in Resources */,
				1AC85B252C380ECE00B72FA2 /* Assets.xcassets in Resources */,
			);
			runOnlyForDeploymentPostprocessing = 0;
		};
/* End PBXResourcesBuildPhase section */

/* Begin PBXSourcesBuildPhase section */
		1AF633702C33FCF9009ED3D6 /* Sources */ = {
			isa = PBXSourcesBuildPhase;
			buildActionMask = 2147483647;
			files = (
				1AF6337E2C33FCF9009ED3D6 /* ContentView.swift in Sources */,
				1A20CD1B2C36686700C268FE /* ButtonView.swift in Sources */,
				1AF6338B2C342572009ED3D6 /* ImmersiveView.swift in Sources */,
				1A88FCE42C37EADD00383E9B /* VisionModelViewer.swift in Sources */,
			);
			runOnlyForDeploymentPostprocessing = 0;
		};
/* End PBXSourcesBuildPhase section */

/* Begin XCBuildConfiguration section */
		1AF633852C33FCFB009ED3D6 /* Debug */ = {
			isa = XCBuildConfiguration;
			buildSettings = {
				ALWAYS_SEARCH_USER_PATHS = NO;
				ASSETCATALOG_COMPILER_GENERATE_SWIFT_ASSET_SYMBOL_EXTENSIONS = YES;
				CLANG_ANALYZER_NONNULL = YES;
				CLANG_ANALYZER_NUMBER_OBJECT_CONVERSION = YES_AGGRESSIVE;
				CLANG_CXX_LANGUAGE_STANDARD = "gnu++20";
				CLANG_ENABLE_MODULES = YES;
				CLANG_ENABLE_OBJC_ARC = YES;
				CLANG_ENABLE_OBJC_WEAK = YES;
				CLANG_WARN_BLOCK_CAPTURE_AUTORELEASING = YES;
				CLANG_WARN_BOOL_CONVERSION = YES;
				CLANG_WARN_COMMA = YES;
				CLANG_WARN_CONSTANT_CONVERSION = YES;
				CLANG_WARN_DEPRECATED_OBJC_IMPLEMENTATIONS = YES;
				CLANG_WARN_DIRECT_OBJC_ISA_USAGE = YES_ERROR;
				CLANG_WARN_DOCUMENTATION_COMMENTS = YES;
				CLANG_WARN_EMPTY_BODY = YES;
				CLANG_WARN_ENUM_CONVERSION = YES;
				CLANG_WARN_INFINITE_RECURSION = YES;
				CLANG_WARN_INT_CONVERSION = YES;
				CLANG_WARN_NON_LITERAL_NULL_CONVERSION = YES;
				CLANG_WARN_OBJC_IMPLICIT_RETAIN_SELF = YES;
				CLANG_WARN_OBJC_LITERAL_CONVERSION = YES;
				CLANG_WARN_OBJC_ROOT_CLASS = YES_ERROR;
				CLANG_WARN_QUOTED_INCLUDE_IN_FRAMEWORK_HEADER = YES;
				CLANG_WARN_RANGE_LOOP_ANALYSIS = YES;
				CLANG_WARN_STRICT_PROTOTYPES = YES;
				CLANG_WARN_SUSPICIOUS_MOVE = YES;
				CLANG_WARN_UNGUARDED_AVAILABILITY = YES_AGGRESSIVE;
				CLANG_WARN_UNREACHABLE_CODE = YES;
				CLANG_WARN__DUPLICATE_METHOD_MATCH = YES;
				COPY_PHASE_STRIP = NO;
				DEBUG_INFORMATION_FORMAT = dwarf;
				ENABLE_STRICT_OBJC_MSGSEND = YES;
				ENABLE_TESTABILITY = YES;
				ENABLE_USER_SCRIPT_SANDBOXING = YES;
				GCC_C_LANGUAGE_STANDARD = gnu17;
				GCC_DYNAMIC_NO_PIC = NO;
				GCC_NO_COMMON_BLOCKS = YES;
				GCC_OPTIMIZATION_LEVEL = 0;
				GCC_PREPROCESSOR_DEFINITIONS = (
					"DEBUG=1",
					"$(inherited)",
				);
				GCC_WARN_64_TO_32_BIT_CONVERSION = YES;
				GCC_WARN_ABOUT_RETURN_TYPE = YES_ERROR;
				GCC_WARN_UNDECLARED_SELECTOR = YES;
				GCC_WARN_UNINITIALIZED_AUTOS = YES_AGGRESSIVE;
				GCC_WARN_UNUSED_FUNCTION = YES;
				GCC_WARN_UNUSED_VARIABLE = YES;
				LOCALIZATION_PREFERS_STRING_CATALOGS = YES;
				MTL_ENABLE_DEBUG_INFO = INCLUDE_SOURCE;
				MTL_FAST_MATH = YES;
				ONLY_ACTIVE_ARCH = YES;
				SDKROOT = xros;
				SWIFT_ACTIVE_COMPILATION_CONDITIONS = "DEBUG $(inherited)";
				SWIFT_OPTIMIZATION_LEVEL = "-Onone";
				XROS_DEPLOYMENT_TARGET = 1.2;
			};
			name = Debug;
		};
		1AF633862C33FCFB009ED3D6 /* Release */ = {
			isa = XCBuildConfiguration;
			buildSettings = {
				ALWAYS_SEARCH_USER_PATHS = NO;
				ASSETCATALOG_COMPILER_GENERATE_SWIFT_ASSET_SYMBOL_EXTENSIONS = YES;
				CLANG_ANALYZER_NONNULL = YES;
				CLANG_ANALYZER_NUMBER_OBJECT_CONVERSION = YES_AGGRESSIVE;
				CLANG_CXX_LANGUAGE_STANDARD = "gnu++20";
				CLANG_ENABLE_MODULES = YES;
				CLANG_ENABLE_OBJC_ARC = YES;
				CLANG_ENABLE_OBJC_WEAK = YES;
				CLANG_WARN_BLOCK_CAPTURE_AUTORELEASING = YES;
				CLANG_WARN_BOOL_CONVERSION = YES;
				CLANG_WARN_COMMA = YES;
				CLANG_WARN_CONSTANT_CONVERSION = YES;
				CLANG_WARN_DEPRECATED_OBJC_IMPLEMENTATIONS = YES;
				CLANG_WARN_DIRECT_OBJC_ISA_USAGE = YES_ERROR;
				CLANG_WARN_DOCUMENTATION_COMMENTS = YES;
				CLANG_WARN_EMPTY_BODY = YES;
				CLANG_WARN_ENUM_CONVERSION = YES;
				CLANG_WARN_INFINITE_RECURSION = YES;
				CLANG_WARN_INT_CONVERSION = YES;
				CLANG_WARN_NON_LITERAL_NULL_CONVERSION = YES;
				CLANG_WARN_OBJC_IMPLICIT_RETAIN_SELF = YES;
				CLANG_WARN_OBJC_LITERAL_CONVERSION = YES;
				CLANG_WARN_OBJC_ROOT_CLASS = YES_ERROR;
				CLANG_WARN_QUOTED_INCLUDE_IN_FRAMEWORK_HEADER = YES;
				CLANG_WARN_RANGE_LOOP_ANALYSIS = YES;
				CLANG_WARN_STRICT_PROTOTYPES = YES;
				CLANG_WARN_SUSPICIOUS_MOVE = YES;
				CLANG_WARN_UNGUARDED_AVAILABILITY = YES_AGGRESSIVE;
				CLANG_WARN_UNREACHABLE_CODE = YES;
				CLANG_WARN__DUPLICATE_METHOD_MATCH = YES;
				COPY_PHASE_STRIP = NO;
				DEBUG_INFORMATION_FORMAT = "dwarf-with-dsym";
				ENABLE_NS_ASSERTIONS = NO;
				ENABLE_STRICT_OBJC_MSGSEND = YES;
				ENABLE_USER_SCRIPT_SANDBOXING = YES;
				GCC_C_LANGUAGE_STANDARD = gnu17;
				GCC_NO_COMMON_BLOCKS = YES;
				GCC_WARN_64_TO_32_BIT_CONVERSION = YES;
				GCC_WARN_ABOUT_RETURN_TYPE = YES_ERROR;
				GCC_WARN_UNDECLARED_SELECTOR = YES;
				GCC_WARN_UNINITIALIZED_AUTOS = YES_AGGRESSIVE;
				GCC_WARN_UNUSED_FUNCTION = YES;
				GCC_WARN_UNUSED_VARIABLE = YES;
				LOCALIZATION_PREFERS_STRING_CATALOGS = YES;
				MTL_ENABLE_DEBUG_INFO = NO;
				MTL_FAST_MATH = YES;
				SDKROOT = xros;
				SWIFT_COMPILATION_MODE = wholemodule;
				VALIDATE_PRODUCT = YES;
				XROS_DEPLOYMENT_TARGET = 1.2;
			};
			name = Release;
		};
		1AF633882C33FCFB009ED3D6 /* Debug */ = {
			isa = XCBuildConfiguration;
			buildSettings = {
				ASSETCATALOG_COMPILER_APPICON_NAME = AppIcon;
				ASSETCATALOG_COMPILER_GLOBAL_ACCENT_COLOR_NAME = AccentColor;
				ASSETCATALOG_COMPILER_INCLUDE_ALL_APPICON_ASSETS = NO;
				CODE_SIGN_STYLE = Automatic;
				CURRENT_PROJECT_VERSION = 1;
				DEVELOPMENT_TEAM = 6JA59MMP9X;
				ENABLE_PREVIEWS = YES;
				GENERATE_INFOPLIST_FILE = YES;
				INFOPLIST_FILE = "$(TARGET_NAME)/Info.plist";
				INFOPLIST_KEY_CFBundleDisplayName = "PWC Model Viewer";
				LD_RUNPATH_SEARCH_PATHS = (
					"$(inherited)",
					"@executable_path/Frameworks",
				);
				MARKETING_VERSION = 1.0;
				PRODUCT_BUNDLE_IDENTIFIER = pashaaliabadi.VisionProModelViewer;
				PRODUCT_NAME = "$(TARGET_NAME)";
				SUPPORTED_PLATFORMS = "xros xrsimulator";
				SWIFT_EMIT_LOC_STRINGS = YES;
				SWIFT_VERSION = 5.0;
				TARGETED_DEVICE_FAMILY = "1,2,7";
			};
			name = Debug;
		};
		1AF633892C33FCFB009ED3D6 /* Release */ = {
			isa = XCBuildConfiguration;
			buildSettings = {
				ASSETCATALOG_COMPILER_APPICON_NAME = AppIcon;
				ASSETCATALOG_COMPILER_GLOBAL_ACCENT_COLOR_NAME = AccentColor;
				ASSETCATALOG_COMPILER_INCLUDE_ALL_APPICON_ASSETS = NO;
				CODE_SIGN_STYLE = Automatic;
				CURRENT_PROJECT_VERSION = 1;
				DEVELOPMENT_TEAM = 6JA59MMP9X;
				ENABLE_PREVIEWS = YES;
				GENERATE_INFOPLIST_FILE = YES;
				INFOPLIST_FILE = "$(TARGET_NAME)/Info.plist";
				INFOPLIST_KEY_CFBundleDisplayName = "PWC Model Viewer";
				LD_RUNPATH_SEARCH_PATHS = (
					"$(inherited)",
					"@executable_path/Frameworks",
				);
				MARKETING_VERSION = 1.0;
				PRODUCT_BUNDLE_IDENTIFIER = pashaaliabadi.VisionProModelViewer;
				PRODUCT_NAME = "$(TARGET_NAME)";
				SUPPORTED_PLATFORMS = "xros xrsimulator";
				SWIFT_EMIT_LOC_STRINGS = YES;
				SWIFT_VERSION = 5.0;
				TARGETED_DEVICE_FAMILY = "1,2,7";
			};
			name = Release;
		};
/* End XCBuildConfiguration section */

/* Begin XCConfigurationList section */
		1AF6336F2C33FCF9009ED3D6 /* Build configuration list for PBXProject "VisionModelViewer" */ = {
			isa = XCConfigurationList;
			buildConfigurations = (
				1AF633852C33FCFB009ED3D6 /* Debug */,
				1AF633862C33FCFB009ED3D6 /* Release */,
			);
			defaultConfigurationIsVisible = 0;
			defaultConfigurationName = Release;
		};
		1AF633872C33FCFB009ED3D6 /* Build configuration list for PBXNativeTarget "VisionModelViewer" */ = {
			isa = XCConfigurationList;
			buildConfigurations = (
				1AF633882C33FCFB009ED3D6 /* Debug */,
				1AF633892C33FCFB009ED3D6 /* Release */,
			);
			defaultConfigurationIsVisible = 0;
			defaultConfigurationName = Release;
		};
/* End XCConfigurationList section */

/* Begin XCSwiftPackageProductDependency section */
		1AF633792C33FCF9009ED3D6 /* RealityKitContent */ = {
			isa = XCSwiftPackageProductDependency;
			productName = RealityKitContent;
		};
/* End XCSwiftPackageProductDependency section */
	};
	rootObject = 1AF6336C2C33FCF9009ED3D6 /* Project object */;
}
